Microsoft Visual Studio Solution File, Format Version 12.00
# Visual Studio 15
VisualStudioVersion = 15.0.26730.16
MinimumVisualStudioVersion = 10.0.40219.1
Project("{FAE04EC0-301F-11D3-BF4B-00C04F79EFBC}") = "DXWebApplication1", "DXWebApplication1\DXWebApplication1.csproj", "{C0EA470E-D5CE-46A7-B9CD-60E2BD6E9537}"
EndProject
Global
	GlobalSection(SolutionConfigurationPlatforms) = preSolution
		Debug|Any CPU = Debug|Any CPU
		Release|Any CPU = Release|Any CPU
	EndGlobalSection
	GlobalSection(ProjectConfigurationPlatforms) = postSolution
		{C0EA470E-D5CE-46A7-B9CD-60E2BD6E9537}.Debug|Any CPU.ActiveCfg = Debug|Any CPU
		{C0EA470E-D5CE-46A7-B9CD-60E2BD6E9537}.Debug|Any CPU.Build.0 = Debug|Any CPU
		{C0EA470E-D5CE-46A7-B9CD-60E2BD6E9537}.Release|Any CPU.ActiveCfg = Release|Any CPU
		{C0EA470E-D5CE-46A7-B9CD-60E2BD6E9537}.Release|Any CPU.Build.0 = Release|Any CPU
	EndGlobalSection
	GlobalSection(SolutionProperties) = preSolution
		HideSolutionNode = FALSE
	EndGlobalSection
	GlobalSection(ExtensibilityGlobals) = postSolution
		SolutionGuid = {6C9E9347-37C3-44A1-97EE-646A77DC74CC}
	EndGlobalSection
EndGlobal
